
Microsoft Visual Studio Solution File, Format Version 12.00
# Visual Studio Version 17
VisualStudioVersion = 17.1.32228.430
MinimumVisualStudioVersion = 10.0.40219.1
Project("{FAE04EC0-301F-11D3-BF4B-00C04F79EFBC}") = "Soft", "Soft\Soft.csproj", "{FBDCA7A5-2F44-4CE1-AF7E-CF454F64393E}"
EndProject
Global
	GlobalSection(SolutionConfigurationPlatforms) = preSolution
		Debug|Any CPU = Debug|Any CPU
		Release|Any CPU = Release|Any CPU
	EndGlobalSection
	GlobalSection(ProjectConfigurationPlatforms) = postSolution
		{FBDCA7A5-2F44-4CE1-AF7E-CF454F64393E}.Debug|Any CPU.ActiveCfg = Debug|Any CPU
		{FBDCA7A5-2F44-4CE1-AF7E-CF454F64393E}.Debug|Any CPU.Build.0 = Debug|Any CPU
		{FBDCA7A5-2F44-4CE1-AF7E-CF454F64393E}.Release|Any CPU.ActiveCfg = Release|Any CPU
		{FBDCA7A5-2F44-4CE1-AF7E-CF454F64393E}.Release|Any CPU.Build.0 = Release|Any CPU
	EndGlobalSection
	GlobalSection(SolutionProperties) = preSolution
		HideSolutionNode = FALSE
	EndGlobalSection
	GlobalSection(ExtensibilityGlobals) = postSolution
		SolutionGuid = {427E891D-E328-4B02-B5A4-515EE84F7B26}
	EndGlobalSection
EndGlobal
